
Microsoft Visual Studio Solution File, Format Version 12.00
# Visual Studio 14
VisualStudioVersion = 14.0.25123.0
MinimumVisualStudioVersion = 10.0.40219.1
Project("{E24C65DC-7377-472B-9ABA-BC803B73C61A}") = "kalshop", "..\", "{27AD508D-96DC-4F3B-976C-B9078F399EA4}"
	ProjectSection(WebsiteProperties) = preProject
		TargetFrameworkMoniker = ".NETFramework,Version%3Dv4.0"
		Debug.AspNetCompiler.VirtualPath = "/localhost_59767"
		Debug.AspNetCompiler.PhysicalPath = "..\..\kalshop\"
		Debug.AspNetCompiler.TargetPath = "PrecompiledWeb\localhost_59767\"
		Debug.AspNetCompiler.Updateable = "true"
		Debug.AspNetCompiler.ForceOverwrite = "true"
		Debug.AspNetCompiler.FixedNames = "false"
		Debug.AspNetCompiler.Debug = "True"
		Release.AspNetCompiler.VirtualPath = "/localhost_59767"
		Release.AspNetCompiler.PhysicalPath = "..\..\kalshop\"
		Release.AspNetCompiler.TargetPath = "PrecompiledWeb\localhost_59767\"
		Release.AspNetCompiler.Updateable = "true"
		Release.AspNetCompiler.ForceOverwrite = "true"
		Release.AspNetCompiler.FixedNames = "false"
		Release.AspNetCompiler.Debug = "False"
		VWDPort = "59767"
		SlnRelativePath = "..\..\kalshop\"
	EndProjectSection
EndProject
Global
	GlobalSection(SolutionConfigurationPlatforms) = preSolution
		Debug|Any CPU = Debug|Any CPU
	EndGlobalSection
	GlobalSection(ProjectConfigurationPlatforms) = postSolution
		{27AD508D-96DC-4F3B-976C-B9078F399EA4}.Debug|Any CPU.ActiveCfg = Debug|Any CPU
		{27AD508D-96DC-4F3B-976C-B9078F399EA4}.Debug|Any CPU.Build.0 = Debug|Any CPU
	EndGlobalSection
	GlobalSection(SolutionProperties) = preSolution
		HideSolutionNode = FALSE
	EndGlobalSection
EndGlobal
